
Microsoft Visual Studio Solution File, Format Version 12.00
# Visual Studio Version 17
VisualStudioVersion = 17.7.34031.279
MinimumVisualStudioVersion = 10.0.40219.1
Project("{FAE04EC0-301F-11D3-BF4B-00C04F79EFBC}") = "NumbersGame", "NumbersGame\NumbersGame.csproj", "{20FC581A-18C6-4255-BCE7-D5B0DA8CCFC7}"
EndProject
Global
	GlobalSection(SolutionConfigurationPlatforms) = preSolution
		Debug|Any CPU = Debug|Any CPU
		Release|Any CPU = Release|Any CPU
	EndGlobalSection
	GlobalSection(ProjectConfigurationPlatforms) = postSolution
		{20FC581A-18C6-4255-BCE7-D5B0DA8CCFC7}.Debug|Any CPU.ActiveCfg = Debug|Any CPU
		{20FC581A-18C6-4255-BCE7-D5B0DA8CCFC7}.Debug|Any CPU.Build.0 = Debug|Any CPU
		{20FC581A-18C6-4255-BCE7-D5B0DA8CCFC7}.Release|Any CPU.ActiveCfg = Release|Any CPU
		{20FC581A-18C6-4255-BCE7-D5B0DA8CCFC7}.Release|Any CPU.Build.0 = Release|Any CPU
	EndGlobalSection
	GlobalSection(SolutionProperties) = preSolution
		HideSolutionNode = FALSE
	EndGlobalSection
	GlobalSection(ExtensibilityGlobals) = postSolution
		SolutionGuid = {8720EDF2-BDDB-485D-AB23-C6B32921E827}
	EndGlobalSection
EndGlobal
